
Microsoft Visual Studio Solution File, Format Version 12.00
# Visual Studio Version 16
VisualStudioVersion = 16.0.30204.135
MinimumVisualStudioVersion = 10.0.40219.1
Project("{9A19103F-16F7-4668-BE54-9A1E7A4F7556}") = "SagamoreTrade", "SagamoreTrade\SagamoreTrade.csproj", "{5ED00EF5-FD8B-445C-A8FA-6B9B9BB7B1B2}"
EndProject
Project("{9A19103F-16F7-4668-BE54-9A1E7A4F7556}") = "QuartzScheduler", "QuartzScheduler\QuartzScheduler.csproj", "{8FF27AFA-2EB0-4887-9D38-E85248A1F1C4}"
EndProject
Project("{9A19103F-16F7-4668-BE54-9A1E7A4F7556}") = "TradingDataLibrary", "TradingDataLibrary\TradingDataLibrary.csproj", "{239878A0-E7DD-44DB-8887-3A96E4F4F34B}"
EndProject
Project("{FAE04EC0-301F-11D3-BF4B-00C04F79EFBC}") = "ConfigurationLibrary", "ConfigurationLibrary\ConfigurationLibrary.csproj", "{12421D79-E28B-4D40-BCDE-9615F20BA7DC}"
EndProject
Global
	GlobalSection(SolutionConfigurationPlatforms) = preSolution
		Debug|Any CPU = Debug|Any CPU
		Release|Any CPU = Release|Any CPU
	EndGlobalSection
	GlobalSection(ProjectConfigurationPlatforms) = postSolution
		{5ED00EF5-FD8B-445C-A8FA-6B9B9BB7B1B2}.Debug|Any CPU.ActiveCfg = Debug|Any CPU
		{5ED00EF5-FD8B-445C-A8FA-6B9B9BB7B1B2}.Debug|Any CPU.Build.0 = Debug|Any CPU
		{5ED00EF5-FD8B-445C-A8FA-6B9B9BB7B1B2}.Release|Any CPU.ActiveCfg = Release|Any CPU
		{5ED00EF5-FD8B-445C-A8FA-6B9B9BB7B1B2}.Release|Any CPU.Build.0 = Release|Any CPU
		{8FF27AFA-2EB0-4887-9D38-E85248A1F1C4}.Debug|Any CPU.ActiveCfg = Debug|Any CPU
		{8FF27AFA-2EB0-4887-9D38-E85248A1F1C4}.Debug|Any CPU.Build.0 = Debug|Any CPU
		{8FF27AFA-2EB0-4887-9D38-E85248A1F1C4}.Release|Any CPU.ActiveCfg = Release|Any CPU
		{8FF27AFA-2EB0-4887-9D38-E85248A1F1C4}.Release|Any CPU.Build.0 = Release|Any CPU
		{239878A0-E7DD-44DB-8887-3A96E4F4F34B}.Debug|Any CPU.ActiveCfg = Debug|Any CPU
		{239878A0-E7DD-44DB-8887-3A96E4F4F34B}.Debug|Any CPU.Build.0 = Debug|Any CPU
		{239878A0-E7DD-44DB-8887-3A96E4F4F34B}.Release|Any CPU.ActiveCfg = Release|Any CPU
		{239878A0-E7DD-44DB-8887-3A96E4F4F34B}.Release|Any CPU.Build.0 = Release|Any CPU
		{12421D79-E28B-4D40-BCDE-9615F20BA7DC}.Debug|Any CPU.ActiveCfg = Debug|Any CPU
		{12421D79-E28B-4D40-BCDE-9615F20BA7DC}.Debug|Any CPU.Build.0 = Debug|Any CPU
		{12421D79-E28B-4D40-BCDE-9615F20BA7DC}.Release|Any CPU.ActiveCfg = Release|Any CPU
		{12421D79-E28B-4D40-BCDE-9615F20BA7DC}.Release|Any CPU.Build.0 = Release|Any CPU
	EndGlobalSection
	GlobalSection(SolutionProperties) = preSolution
		HideSolutionNode = FALSE
	EndGlobalSection
	GlobalSection(ExtensibilityGlobals) = postSolution
		SolutionGuid = {EEC5CDAD-A878-4C20-BD07-0F22C674BBCB}
	EndGlobalSection
EndGlobal
